
Microsoft Visual Studio Solution File, Format Version 12.00
# Visual Studio 15
VisualStudioVersion = 15.0.28307.168
MinimumVisualStudioVersion = 10.0.40219.1
Project("{8BC9CEB8-8B4A-11D0-8D11-00A0C91BC942}") = "mianshi36", "mianshi36\mianshi36.vcxproj", "{91ECC80B-CA35-4BA3-9238-D4AF32C0DC3C}"
EndProject
Global
	GlobalSection(SolutionConfigurationPlatforms) = preSolution
		Debug|x64 = Debug|x64
		Debug|x86 = Debug|x86
		Release|x64 = Release|x64
		Release|x86 = Release|x86
	EndGlobalSection
	GlobalSection(ProjectConfigurationPlatforms) = postSolution
		{91ECC80B-CA35-4BA3-9238-D4AF32C0DC3C}.Debug|x64.ActiveCfg = Debug|x64
		{91ECC80B-CA35-4BA3-9238-D4AF32C0DC3C}.Debug|x64.Build.0 = Debug|x64
		{91ECC80B-CA35-4BA3-9238-D4AF32C0DC3C}.Debug|x86.ActiveCfg = Debug|Win32
		{91ECC80B-CA35-4BA3-9238-D4AF32C0DC3C}.Debug|x86.Build.0 = Debug|Win32
		{91ECC80B-CA35-4BA3-9238-D4AF32C0DC3C}.Release|x64.ActiveCfg = Release|x64
		{91ECC80B-CA35-4BA3-9238-D4AF32C0DC3C}.Release|x64.Build.0 = Release|x64
		{91ECC80B-CA35-4BA3-9238-D4AF32C0DC3C}.Release|x86.ActiveCfg = Release|Win32
		{91ECC80B-CA35-4BA3-9238-D4AF32C0DC3C}.Release|x86.Build.0 = Release|Win32
	EndGlobalSection
	GlobalSection(SolutionProperties) = preSolution
		HideSolutionNode = FALSE
	EndGlobalSection
	GlobalSection(ExtensibilityGlobals) = postSolution
		SolutionGuid = {AE5ED1F6-1E64-46DB-B17C-C514E83F2988}
	EndGlobalSection
EndGlobal
