
Microsoft Visual Studio Solution File, Format Version 12.00
# Visual Studio 15
VisualStudioVersion = 15.0.28307.168
MinimumVisualStudioVersion = 10.0.40219.1
Project("{8BC9CEB8-8B4A-11D0-8D11-00A0C91BC942}") = "mianshi9", "mianshi9\mianshi9.vcxproj", "{B6FFC52A-E125-4DA5-81F6-B335641FC6E3}"
EndProject
Global
	GlobalSection(SolutionConfigurationPlatforms) = preSolution
		Debug|x64 = Debug|x64
		Debug|x86 = Debug|x86
		Release|x64 = Release|x64
		Release|x86 = Release|x86
	EndGlobalSection
	GlobalSection(ProjectConfigurationPlatforms) = postSolution
		{B6FFC52A-E125-4DA5-81F6-B335641FC6E3}.Debug|x64.ActiveCfg = Debug|x64
		{B6FFC52A-E125-4DA5-81F6-B335641FC6E3}.Debug|x64.Build.0 = Debug|x64
		{B6FFC52A-E125-4DA5-81F6-B335641FC6E3}.Debug|x86.ActiveCfg = Debug|Win32
		{B6FFC52A-E125-4DA5-81F6-B335641FC6E3}.Debug|x86.Build.0 = Debug|Win32
		{B6FFC52A-E125-4DA5-81F6-B335641FC6E3}.Release|x64.ActiveCfg = Release|x64
		{B6FFC52A-E125-4DA5-81F6-B335641FC6E3}.Release|x64.Build.0 = Release|x64
		{B6FFC52A-E125-4DA5-81F6-B335641FC6E3}.Release|x86.ActiveCfg = Release|Win32
		{B6FFC52A-E125-4DA5-81F6-B335641FC6E3}.Release|x86.Build.0 = Release|Win32
	EndGlobalSection
	GlobalSection(SolutionProperties) = preSolution
		HideSolutionNode = FALSE
	EndGlobalSection
	GlobalSection(ExtensibilityGlobals) = postSolution
		SolutionGuid = {89494AB9-1E2A-470A-995E-23EE23090436}
	EndGlobalSection
EndGlobal
